# THIS IS AN AUTOGENERATED FILE. DO NOT EDIT THIS FILE DIRECTLY.
# yarn lockfile v1


"@types/d3-array@^3.0.3":
  version "3.0.4"
  resolved "https://registry.yarnpkg.com/@types/d3-array/-/d3-array-3.0.4.tgz#44eebe40be57476cad6a0cd6a85b0f57d54185a2"
  integrity sha512-nwvEkG9vYOc0Ic7G7kwgviY4AQlTfYGIZ0fqB7CQHXGyYM6nO7kJh5EguSNA3jfh4rq7Sb7eMVq8isuvg2/miQ==

"@types/d3-color@*":
  version "3.1.0"
  resolved "https://registry.yarnpkg.com/@types/d3-color/-/d3-color-3.1.0.tgz#6594da178ded6c7c3842f3cc0ac84b156f12f2d4"
  integrity sha512-HKuicPHJuvPgCD+np6Se9MQvS6OCbJmOjGvylzMJRlDwUXjKTTXs6Pwgk79O09Vj/ho3u1ofXnhFOaEWWPrlwA==

"@types/d3-ease@^3.0.0":
  version "3.0.0"
  resolved "https://registry.yarnpkg.com/@types/d3-ease/-/d3-ease-3.0.0.tgz#c29926f8b596f9dadaeca062a32a45365681eae0"
  integrity sha512-aMo4eaAOijJjA6uU+GIeW018dvy9+oH5Y2VPPzjjfxevvGQ/oRDs+tfYC9b50Q4BygRR8yE2QCLsrT0WtAVseA==

"@types/d3-interpolate@^3.0.1":
  version "3.0.1"
  resolved "https://registry.yarnpkg.com/@types/d3-interpolate/-/d3-interpolate-3.0.1.tgz#e7d17fa4a5830ad56fe22ce3b4fac8541a9572dc"
  integrity sha512-jx5leotSeac3jr0RePOH1KdR9rISG91QIE4Q2PYTu4OymLTZfA3SrnURSLzKH48HmXVUru50b8nje4E79oQSQw==
  dependencies:
    "@types/d3-color" "*"

"@types/d3-path@*":
  version "3.0.0"
  resolved "https://registry.yarnpkg.com/@types/d3-path/-/d3-path-3.0.0.tgz#939e3a784ae4f80b1fde8098b91af1776ff1312b"
  integrity sha512-0g/A+mZXgFkQxN3HniRDbXMN79K3CdTpLsevj+PXiTcb2hVyvkZUBg37StmgCQkaD84cUJ4uaDAWq7UJOQy2Tg==

"@types/d3-scale@^4.0.2":
  version "4.0.3"
  resolved "https://registry.yarnpkg.com/@types/d3-scale/-/d3-scale-4.0.3.tgz#7a5780e934e52b6f63ad9c24b105e33dd58102b5"
  integrity sha512-PATBiMCpvHJSMtZAMEhc2WyL+hnzarKzI6wAHYjhsonjWJYGq5BXTzQjv4l8m2jO183/4wZ90rKvSeT7o72xNQ==
  dependencies:
    "@types/d3-time" "*"

"@types/d3-shape@^3.1.0":
  version "3.1.1"
  resolved "https://registry.yarnpkg.com/@types/d3-shape/-/d3-shape-3.1.1.tgz#15cc497751dac31192d7aef4e67a8d2c62354b95"
  integrity sha512-6Uh86YFF7LGg4PQkuO2oG6EMBRLuW9cbavUW46zkIO5kuS2PfTqo2o9SkgtQzguBHbLgNnU90UNsITpsX1My+A==
  dependencies:
    "@types/d3-path" "*"

"@types/d3-time@*", "@types/d3-time@^3.0.0":
  version "3.0.0"
  resolved "https://registry.yarnpkg.com/@types/d3-time/-/d3-time-3.0.0.tgz#e1ac0f3e9e195135361fa1a1d62f795d87e6e819"
  integrity sha512-sZLCdHvBUcNby1cB6Fd3ZBrABbjz3v1Vm90nysCQ6Vt7vd6e/h9Lt7SiJUoEX0l4Dzc7P5llKyhqSi1ycSf1Hg==

"@types/d3-timer@^3.0.0":
  version "3.0.0"
  resolved "https://registry.yarnpkg.com/@types/d3-timer/-/d3-timer-3.0.0.tgz#e2505f1c21ec08bda8915238e397fb71d2fc54ce"
  integrity sha512-HNB/9GHqu7Fo8AQiugyJbv6ZxYz58wef0esl4Mv828w1ZKpAshw/uFWVDUcIB9KKFeFKoxS3cHY07FFgtTRZ1g==

"d3-array@2 - 3", "d3-array@2.10.0 - 3", d3-array@^3.1.6:
  version "3.2.3"
  resolved "https://registry.yarnpkg.com/d3-array/-/d3-array-3.2.3.tgz#39f1f4954e4a09ff69ac597c2d61906b04e84740"
  integrity sha512-JRHwbQQ84XuAESWhvIPaUV4/1UYTBOLiOPGWqgFDHZS1D5QN9c57FbH3QpEnQMYiOXNzKUQyGTZf+EVO7RT5TQ==
  dependencies:
    internmap "1 - 2"

"d3-color@1 - 3":
  version "3.1.0"
  resolved "https://registry.yarnpkg.com/d3-color/-/d3-color-3.1.0.tgz#395b2833dfac71507f12ac2f7af23bf819de24e2"
  integrity sha512-zg/chbXyeBtMQ1LbD/WSoW2DpC3I0mpmPdW+ynRTj/x2DAWYrIY7qeZIHidozwV24m4iavr15lNwIwLxRmOxhA==

d3-ease@^3.0.1:
  version "3.0.1"
  resolved "https://registry.yarnpkg.com/d3-ease/-/d3-ease-3.0.1.tgz#9658ac38a2140d59d346160f1f6c30fda0bd12f4"
  integrity sha512-wR/XK3D3XcLIZwpbvQwQ5fK+8Ykds1ip7A2Txe0yxncXSdq1L9skcG7blcedkOX+ZcgxGAmLX1FrRGbADwzi0w==

"d3-format@1 - 3":
  version "3.1.0"
  resolved "https://registry.yarnpkg.com/d3-format/-/d3-format-3.1.0.tgz#9260e23a28ea5cb109e93b21a06e24e2ebd55641"
  integrity sha512-YyUI6AEuY/Wpt8KWLgZHsIU86atmikuoOmCfommt0LYHiQSPjvX2AcFc38PX0CBpr2RCyZhjex+NS/LPOv6YqA==

"d3-interpolate@1.2.0 - 3", d3-interpolate@^3.0.1:
  version "3.0.1"
  resolved "https://registry.yarnpkg.com/d3-interpolate/-/d3-interpolate-3.0.1.tgz#3c47aa5b32c5b3dfb56ef3fd4342078a632b400d"
  integrity sha512-3bYs1rOD33uo8aqJfKP3JWPAibgw8Zm2+L9vBKEHJ2Rg+viTR7o5Mmv5mZcieN+FRYaAOWX5SJATX6k1PWz72g==
  dependencies:
    d3-color "1 - 3"

d3-path@^3.1.0:
  version "3.1.0"
  resolved "https://registry.yarnpkg.com/d3-path/-/d3-path-3.1.0.tgz#22df939032fb5a71ae8b1800d61ddb7851c42526"
  integrity sha512-p3KP5HCf/bvjBSSKuXid6Zqijx7wIfNW+J/maPs+iwR35at5JCbLUT0LzF1cnjbCHWhqzQTIN2Jpe8pRebIEFQ==

d3-scale@^4.0.2:
  version "4.0.2"
  resolved "https://registry.yarnpkg.com/d3-scale/-/d3-scale-4.0.2.tgz#82b38e8e8ff7080764f8dcec77bd4be393689396"
  integrity sha512-GZW464g1SH7ag3Y7hXjf8RoUuAFIqklOAq3MRl4OaWabTFJY9PN/E1YklhXLh+OQ3fM9yS2nOkCoS+WLZ6kvxQ==
  dependencies:
    d3-array "2.10.0 - 3"
    d3-format "1 - 3"
    d3-interpolate "1.2.0 - 3"
    d3-time "2.1.1 - 3"
    d3-time-format "2 - 4"

d3-shape@^3.1.0:
  version "3.2.0"
  resolved "https://registry.yarnpkg.com/d3-shape/-/d3-shape-3.2.0.tgz#a1a839cbd9ba45f28674c69d7f855bcf91dfc6a5"
  integrity sha512-SaLBuwGm3MOViRq2ABk3eLoxwZELpH6zhl3FbAoJ7Vm1gofKx6El1Ib5z23NUEhF9AsGl7y+dzLe5Cw2AArGTA==
  dependencies:
    d3-path "^3.1.0"

"d3-time-format@2 - 4":
  version "4.1.0"
  resolved "https://registry.yarnpkg.com/d3-time-format/-/d3-time-format-4.1.0.tgz#7ab5257a5041d11ecb4fe70a5c7d16a195bb408a"
  integrity sha512-dJxPBlzC7NugB2PDLwo9Q8JiTR3M3e4/XANkreKSUxF8vvXKqm1Yfq4Q5dl8budlunRVlUUaDUgFt7eA8D6NLg==
  dependencies:
    d3-time "1 - 3"

"d3-time@1 - 3", "d3-time@2.1.1 - 3", d3-time@^3.0.0:
  version "3.1.0"
  resolved "https://registry.yarnpkg.com/d3-time/-/d3-time-3.1.0.tgz#9310db56e992e3c0175e1ef385e545e48a9bb5c7"
  integrity sha512-VqKjzBLejbSMT4IgbmVgDjpkYrNWUYJnbCGo874u7MMKIWsILRX+OpX/gTk8MqjpT1A/c6HY2dCA77ZN0lkQ2Q==
  dependencies:
    d3-array "2 - 3"

d3-timer@^3.0.1:
  version "3.0.1"
  resolved "https://registry.yarnpkg.com/d3-timer/-/d3-timer-3.0.1.tgz#6284d2a2708285b1abb7e201eda4380af35e63b0"
  integrity sha512-ndfJ/JxxMd3nw31uyKoY2naivF+r29V+Lc0svZxe1JvvIRmi8hUsrMvdOwgS1o6uBHmiz91geQ0ylPP0aj1VUA==

d3-voronoi@^1.1.4:
  version "1.1.4"
  resolved "https://registry.yarnpkg.com/d3-voronoi/-/d3-voronoi-1.1.4.tgz#dd3c78d7653d2bb359284ae478645d95944c8297"
  integrity sha512-dArJ32hchFsrQ8uMiTBLq256MpnZjeuBtdHpaDlYuQyjU0CVzCJl/BVW+SkszaAeH95D/8gxqAhgx0ouAWAfRg==

delaunator@^4.0.0:
  version "4.0.1"
  resolved "https://registry.yarnpkg.com/delaunator/-/delaunator-4.0.1.tgz#3d779687f57919a7a418f8ab947d3bddb6846957"
  integrity sha512-WNPWi1IRKZfCt/qIDMfERkDp93+iZEmOxN2yy4Jg+Xhv8SLk2UTqqbe1sfiipn0and9QrE914/ihdx82Y/Giag==

delaunay-find@0.0.6:
  version "0.0.6"
  resolved "https://registry.yarnpkg.com/delaunay-find/-/delaunay-find-0.0.6.tgz#2ed017a79410013717fa7d9422e082c2502d4ae3"
  integrity sha512-1+almjfrnR7ZamBk0q3Nhg6lqSe6Le4vL0WJDSMx4IDbQwTpUTXPjxC00lqLBT8MYsJpPCbI16sIkw9cPsbi7Q==
  dependencies:
    delaunator "^4.0.0"

"internmap@1 - 2":
  version "2.0.3"
  resolved "https://registry.yarnpkg.com/internmap/-/internmap-2.0.3.tgz#6685f23755e43c524e251d29cbc97248e3061009"
  integrity sha512-5Hh7Y1wQbvY5ooGgPbDaL5iYLAPzMTUrjMulskHLH6wnv/A+1q5rgEaiuqEjB+oxGXIVZs1FF+R/KPN3ZSQYYg==

"js-tokens@^3.0.0 || ^4.0.0":
  version "4.0.0"
  resolved "https://registry.yarnpkg.com/js-tokens/-/js-tokens-4.0.0.tgz#19203fb59991df98e3a287050d4647cdeaf32499"
  integrity sha512-RdJUflcE3cUzKiMqQgsCu06FPu9UdIJO0beYbPhHN4k6apgJtifcoCtT9bcxOpYBtpD2kCM6Sbzg4CausW/PKQ==

json-stringify-safe@^5.0.1:
  version "5.0.1"
  resolved "https://registry.yarnpkg.com/json-stringify-safe/-/json-stringify-safe-5.0.1.tgz#1296a2d58fd45f19a0f6ce01d65701e2c735b6eb"
  integrity sha512-ZClg6AaYvamvYEE82d3Iyd3vSSIjQ+odgjaTzRuO3s7toCdFKczob2i0zCh7JE8kWn17yvAWhUVxvqGwUalsRA==

lodash@^4.17.19, lodash@^4.17.21:
  version "4.17.21"
  resolved "https://registry.yarnpkg.com/lodash/-/lodash-4.17.21.tgz#679591c564c3bffaae8454cf0b3df370c3d6911c"
  integrity sha512-v2kDEe57lecTulaDIuNTPy3Ry4gLGJ6Z1O3vE1krgXZNrsQ+LFTGHVxVjcXPs17LhbZVGedAJv8XZ1tvj5FvSg==

loose-envify@^1.4.0:
  version "1.4.0"
  resolved "https://registry.yarnpkg.com/loose-envify/-/loose-envify-1.4.0.tgz#71ee51fa7be4caec1a63839f7e682d8132d30caf"
  integrity sha512-lyuxPGr/Wfhrlem2CL/UcnUc1zcqKAImBDzukY7Y5F/yQiNdko6+fRLevlw1HgMySw7f611UIY408EtxRSoK3Q==
  dependencies:
    js-tokens "^3.0.0 || ^4.0.0"

object-assign@^4.1.1:
  version "4.1.1"
  resolved "https://registry.yarnpkg.com/object-assign/-/object-assign-4.1.1.tgz#2109adc7965887cfc05cbbd442cac8bfbb360863"
  integrity sha512-rJgTQnkUnH1sFw8yT6VSU3zD3sWmu6sZhIseY8VX+GRu3P6F7Fu+JNDoXfklElbLJSnc3FUQHVe4cU5hj+BcUg==

prop-types@^15.8.1:
  version "15.8.1"
  resolved "https://registry.yarnpkg.com/prop-types/-/prop-types-15.8.1.tgz#67d87bf1a694f48435cf332c24af10214a3140b5"
  integrity sha512-oj87CgZICdulUohogVAR7AjlC0327U4el4L6eAvOqCeudMDVU0NThNaV+b9Df4dXgSP1gXMTnPdhfe/2qDH5cg==
  dependencies:
    loose-envify "^1.4.0"
    object-assign "^4.1.1"
    react-is "^16.13.1"

react-fast-compare@^3.2.0:
  version "3.2.1"
  resolved "https://registry.yarnpkg.com/react-fast-compare/-/react-fast-compare-3.2.1.tgz#53933d9e14f364281d6cba24bfed7a4afb808b5f"
  integrity sha512-xTYf9zFim2pEif/Fw16dBiXpe0hoy5PxcD8+OwBnTtNLfIm3g6WxhKNurY+6OmdH1u6Ta/W/Vl6vjbYP1MFnDg==

react-is@^16.13.1:
  version "16.13.1"
  resolved "https://registry.yarnpkg.com/react-is/-/react-is-16.13.1.tgz#789729a4dc36de2999dc156dd6c1d9c18cea56a4"
  integrity sha512-24e6ynE2H+OKt4kqsOvNd8kBpV65zoxbA4BVsEOB3ARVWQki/DHzaUoC5KuON/BiccDaCCTZBuOcfZs70kR8bQ==

victory-area@^36.6.8:
  version "36.6.8"
  resolved "https://registry.yarnpkg.com/victory-area/-/victory-area-36.6.8.tgz#6a67d6ab8cc9cff7a46f091e8722203055f99f42"
  integrity sha512-aIyMuzUqiDcpTCB7FUOYDJvqiDPiluEXLOw6Lh1vrUYmV7CNqMDOIBtTau2vI41Ao0o0YJdCAcyzBib9e3UYbw==
  dependencies:
    lodash "^4.17.19"
    prop-types "^15.8.1"
    victory-core "^36.6.8"
    victory-vendor "^36.6.8"

victory-axis@^36.6.8:
  version "36.6.8"
  resolved "https://registry.yarnpkg.com/victory-axis/-/victory-axis-36.6.8.tgz#aa565fba604d7773f7f9bf7e201605f9fc01cc5c"
  integrity sha512-tClVJEay1YOJAh9rRyyLx8pei7Sr1/xTz04bJmfzFoAxFoPBtvgfFwXhfZ1YjGIl7m5Wh2CiYMY3figueLzYtg==
  dependencies:
    lodash "^4.17.19"
    prop-types "^15.8.1"
    victory-core "^36.6.8"

victory-bar@^36.6.8:
  version "36.6.8"
  resolved "https://registry.yarnpkg.com/victory-bar/-/victory-bar-36.6.8.tgz#da94a966160de930cd2c0150ca4439b7a20e9636"
  integrity sha512-jLLPm3IW8/2uSLPvQD9bxzXnTraUYBIDTkbZPZy7oHP01OVzP1sj+MMHcINCWcUbyUyLZDL3u8CvViXjS273JQ==
  dependencies:
    lodash "^4.17.19"
    prop-types "^15.8.1"
    victory-core "^36.6.8"
    victory-vendor "^36.6.8"

victory-box-plot@^36.6.8:
  version "36.6.8"
  resolved "https://registry.yarnpkg.com/victory-box-plot/-/victory-box-plot-36.6.8.tgz#04d960daba75aaeb525f7d7e338445f0df61faad"
  integrity sha512-Vf/Mvf2JnwfHqEXHrKBgfjN+4yQNbIA8k/Q8ms9do9T9YWJNB+D3U++8pVxilT+h7o5CdECQ5uyGhTCIKx9E6Q==
  dependencies:
    lodash "^4.17.19"
    prop-types "^15.8.1"
    victory-core "^36.6.8"
    victory-vendor "^36.6.8"

victory-brush-container@^36.6.8:
  version "36.6.8"
  resolved "https://registry.yarnpkg.com/victory-brush-container/-/victory-brush-container-36.6.8.tgz#7a0d73b0d96410a875936d800482550c87da8b19"
  integrity sha512-PN5zQ6kjVwZca1qV41WlV6J2IEyQh+2hykRe6c/wERDotVVbSrX3sJVAzUbN+7x2rrK0CL6a/XUI8jDsWTMM2A==
  dependencies:
    lodash "^4.17.19"
    prop-types "^15.8.1"
    react-fast-compare "^3.2.0"
    victory-core "^36.6.8"

victory-brush-line@^36.6.8:
  version "36.6.8"
  resolved "https://registry.yarnpkg.com/victory-brush-line/-/victory-brush-line-36.6.8.tgz#e1c8a94396fddc5333273e3c00da67dd9bbd84d8"
  integrity sha512-Ca/rGrxe8tZW02O49SmXbnVEcAGOTZw+dVmD5bLh72SItl/Co4jLcvc6b5r8+mZJEvCWNVYRv28qDtIh8PJ0CA==
  dependencies:
    lodash "^4.17.19"
    prop-types "^15.8.1"
    react-fast-compare "^3.2.0"
    victory-core "^36.6.8"

victory-candlestick@^36.6.8:
  version "36.6.8"
  resolved "https://registry.yarnpkg.com/victory-candlestick/-/victory-candlestick-36.6.8.tgz#2ac5a62d879f5a2fd76d91b07cf2ff14c73c047e"
  integrity sha512-/mQ/nYnfgfLAbS3fVLWIVjN/U+LKm9cwfY8/mXhA63NLvBmXryLRcUQQPky7r7M3r8zIcMDsjJO++WqiQo4Osw==
  dependencies:
    lodash "^4.17.19"
    prop-types "^15.8.1"
    victory-core "^36.6.8"

victory-canvas@^36.6.8:
  version "36.6.8"
  resolved "https://registry.yarnpkg.com/victory-canvas/-/victory-canvas-36.6.8.tgz#fc01df235dc800feeea45fcccb1769f1196f79a7"
  integrity sha512-qSKCTzqYxbst3WmtdJuZJirBxJ49fP7nAMzRnd2alm4QrMTbxAlVgqfbNg4pfXZYccvEWPy1IDQTbRTmWNkbcw==
  dependencies:
    lodash "^4.17.19"
    prop-types "^15.8.1"
    victory-bar "^36.6.8"
    victory-core "^36.6.8"

victory-chart@^36.6.8:
  version "36.6.8"
  resolved "https://registry.yarnpkg.com/victory-chart/-/victory-chart-36.6.8.tgz#17feb0290df90fb094d7ae89a7d20857790ad096"
  integrity sha512-kC1jL63PAmqUrvZNOfwAXNuaIwz4nvXYUuEPu59WRBCOIGDGRgv2wJ1O7O0xYXqDkI57EtAYf9KUK+miEn/Btg==
  dependencies:
    lodash "^4.17.19"
    prop-types "^15.8.1"
    react-fast-compare "^3.2.0"
    victory-axis "^36.6.8"
    victory-core "^36.6.8"
    victory-polar-axis "^36.6.8"
    victory-shared-events "^36.6.8"

victory-core@^36.6.8:
  version "36.6.8"
  resolved "https://registry.yarnpkg.com/victory-core/-/victory-core-36.6.8.tgz#554869ef63103556b50f0d91ad64976f7d13d45e"
  integrity sha512-SkyEszZKGyxjqfptfFWYdI22CvCuE9LhkaDpikzIhT2gcE3SuOBO5fk/740XMYE2ZUsJ4Fu/Vy4+8jZi17y44A==
  dependencies:
    lodash "^4.17.21"
    prop-types "^15.8.1"
    react-fast-compare "^3.2.0"
    victory-vendor "^36.6.8"

victory-create-container@^36.6.8:
  version "36.6.8"
  resolved "https://registry.yarnpkg.com/victory-create-container/-/victory-create-container-36.6.8.tgz#c41835f2e5fed4f294f0594b8d4ce564e4a73a88"
  integrity sha512-H2BsdTbJ/RxxcEg5lzk3TDlihtOs7I/5KaIBP3yosPs702i40mL2qndkRkj08QeiZhkaKfQ2GOUvyP+t7DSdmg==
  dependencies:
    lodash "^4.17.19"
    victory-brush-container "^36.6.8"
    victory-core "^36.6.8"
    victory-cursor-container "^36.6.8"
    victory-selection-container "^36.6.8"
    victory-voronoi-container "^36.6.8"
    victory-zoom-container "^36.6.8"

victory-cursor-container@^36.6.8:
  version "36.6.8"
  resolved "https://registry.yarnpkg.com/victory-cursor-container/-/victory-cursor-container-36.6.8.tgz#ca15719b0d03c4601c4dbe7dc7710abba5b50c4c"
  integrity sha512-3WIBRl+7jnZok6syLfW8RK23nliDcoD/JUTN0YZo6bKBqHeFc4+ur3mlwCfghH7sGoxJRYuOJxTd9x2MwM5HQQ==
  dependencies:
    lodash "^4.17.19"
    prop-types "^15.8.1"
    victory-core "^36.6.8"

victory-errorbar@^36.6.8:
  version "36.6.8"
  resolved "https://registry.yarnpkg.com/victory-errorbar/-/victory-errorbar-36.6.8.tgz#41475f0555d1809396222b3c3b616db93a1927da"
  integrity sha512-N4JdBy5wV+KU6pus7FBx+5on31oXanO+qVmtRH8u4W7CMWH5EwHortyu2wVYD9K2QoluXemIxZd7kfn14hmqfQ==
  dependencies:
    lodash "^4.17.19"
    prop-types "^15.8.1"
    victory-core "^36.6.8"

victory-group@^36.6.8:
  version "36.6.8"
  resolved "https://registry.yarnpkg.com/victory-group/-/victory-group-36.6.8.tgz#ad4e97a56317d243b413654917f27e68b8ce58b6"
  integrity sha512-CiupDIGPPWVgwif3ayd8glSlR41mVbuT0Nl0ay9q42w2fiM32syiJAoifIw47X4tL8ow/DXH+/5Pd8eEyA2trA==
  dependencies:
    lodash "^4.17.19"
    prop-types "^15.8.1"
    react-fast-compare "^3.2.0"
    victory-core "^36.6.8"
    victory-shared-events "^36.6.8"

victory-histogram@^36.6.8:
  version "36.6.8"
  resolved "https://registry.yarnpkg.com/victory-histogram/-/victory-histogram-36.6.8.tgz#ec2cc1fdceff1f66e2026cf78abdbfe05361ce92"
  integrity sha512-0Ah32gdTF1OJMBEqTSPyv09dUr3AmaDJMmyiZOHUd6RbLzA8RUanducVJ0gVay4A2Xm9s0vt1tzKU9Lj28tb6A==
  dependencies:
    lodash "^4.17.19"
    prop-types "^15.8.1"
    react-fast-compare "^3.2.0"
    victory-bar "^36.6.8"
    victory-core "^36.6.8"
    victory-vendor "^36.6.8"

victory-legend@^36.6.8:
  version "36.6.8"
  resolved "https://registry.yarnpkg.com/victory-legend/-/victory-legend-36.6.8.tgz#c0a5957f713cb77d80c1d8a3a1e7bd2e2021339e"
  integrity sha512-OnkzB82Mvt5/1LYNsrfZQoXaVvgfp1rCsFRI3imq257Sh/UPy0/eZehCMQs/SVbU0z0EuIpXokhZb3BBdoJgpw==
  dependencies:
    lodash "^4.17.19"
    prop-types "^15.8.1"
    victory-core "^36.6.8"

victory-line@^36.6.8:
  version "36.6.8"
  resolved "https://registry.yarnpkg.com/victory-line/-/victory-line-36.6.8.tgz#72cdd808bef877c025e520ef8ba691fb922c3d31"
  integrity sha512-MozOejQRZPdzFaru5zUfqVB4TEff6nZjtQhOs+F5yyhXjLgM89zGX30r3jK5cjVdAPbTu4KPUrwktvlw+AkPRA==
  dependencies:
    lodash "^4.17.19"
    prop-types "^15.8.1"
    victory-core "^36.6.8"
    victory-vendor "^36.6.8"

victory-pie@^36.6.8:
  version "36.6.8"
  resolved "https://registry.yarnpkg.com/victory-pie/-/victory-pie-36.6.8.tgz#bd80f7abd7feb917e11b442d2a4bec3e716ef0f6"
  integrity sha512-dUHWiiKd60dlt7OjFa+YYwanHAkP/T0abzy6O3SFxGre52oeqd8px1EoVhlLKpn4ao8L35koG9mvz6/pGyr8Dw==
  dependencies:
    lodash "^4.17.19"
    prop-types "^15.8.1"
    victory-core "^36.6.8"
    victory-vendor "^36.6.8"

victory-polar-axis@^36.6.8:
  version "36.6.8"
  resolved "https://registry.yarnpkg.com/victory-polar-axis/-/victory-polar-axis-36.6.8.tgz#f00458d60f45169045b235c9a33e8c1767225d08"
  integrity sha512-aU+Wp5six21POhI9oXeREnZHljpqcmwFHHnliVGrwgRsuc7TAjfXPWVOX9guEFfh6zQW6IZWWWTTLAN/PIEm9w==
  dependencies:
    lodash "^4.17.19"
    prop-types "^15.8.1"
    victory-core "^36.6.8"

victory-scatter@^36.6.8:
  version "36.6.8"
  resolved "https://registry.yarnpkg.com/victory-scatter/-/victory-scatter-36.6.8.tgz#2d387ce059189045a8160dbb66003682a8b946e1"
  integrity sha512-GKSNneBxIWLsF3eBSTW5IwT5S4YdsfFl4PVCP3/wTa2myfS5DIS9FufEnJp/FEZGalEXYWxeR47rlWqABxAj5A==
  dependencies:
    lodash "^4.17.19"
    prop-types "^15.8.1"
    victory-core "^36.6.8"

victory-selection-container@^36.6.8:
  version "36.6.8"
  resolved "https://registry.yarnpkg.com/victory-selection-container/-/victory-selection-container-36.6.8.tgz#43c6f2675f3e757ab0fe1eb4c6008ab672e28aaa"
  integrity sha512-kudYbSX+o7fr64oeN7+EG/c+lqO22aypxVdCwa6BagAGoqqLR4jXxTqqIdp8tvxCgfCCXxopnTKYr46nubypGw==
  dependencies:
    lodash "^4.17.19"
    prop-types "^15.8.1"
    victory-core "^36.6.8"

victory-shared-events@^36.6.8:
  version "36.6.8"
  resolved "https://registry.yarnpkg.com/victory-shared-events/-/victory-shared-events-36.6.8.tgz#4fc4e9686679db0548c9e882008053b369419db2"
  integrity sha512-hWPOVqMD3Sv6Rl1iyO6ibQrwYF9/eLCnRo0T59/Hsid6On0AJJjL9gv0oEIM5fqz7R7zx9PJmMk877IctEOemw==
  dependencies:
    json-stringify-safe "^5.0.1"
    lodash "^4.17.19"
    prop-types "^15.8.1"
    react-fast-compare "^3.2.0"
    victory-core "^36.6.8"

victory-stack@^36.6.8:
  version "36.6.8"
  resolved "https://registry.yarnpkg.com/victory-stack/-/victory-stack-36.6.8.tgz#99e44f626cb78d2466120a75a2c353186ef83b7c"
  integrity sha512-Pkux46IqAealOi0KvqQpaJKKKpHCfZ/sh5IeUKYFy+QKWAjiQjG6hFZeHgr2YaS7OfdbvHhoAdvp03KntWzpbw==
  dependencies:
    lodash "^4.17.19"
    prop-types "^15.8.1"
    react-fast-compare "^3.2.0"
    victory-core "^36.6.8"
    victory-shared-events "^36.6.8"

victory-tooltip@^36.6.8:
  version "36.6.8"
  resolved "https://registry.yarnpkg.com/victory-tooltip/-/victory-tooltip-36.6.8.tgz#3175c848480adf53f487613a0f6b2880e39ae06c"
  integrity sha512-9P+QeAGyDpP0trJnQ1NtnbDhpoJB0Ghc2boYEehvL12p0OzolY9/Nq5SDP0tu5i1BBujwFXtnoCDqt+mOH25fA==
  dependencies:
    lodash "^4.17.19"
    prop-types "^15.8.1"
    victory-core "^36.6.8"

victory-vendor@^36.6.8:
  version "36.6.8"
  resolved "https://registry.yarnpkg.com/victory-vendor/-/victory-vendor-36.6.8.tgz#5a1c555ca99a39fdb66a6c959c8426eb834893a2"
  integrity sha512-H3kyQ+2zgjMPvbPqAl7Vwm2FD5dU7/4bCTQakFQnpIsfDljeOMDojRsrmJfwh4oAlNnWhpAf+mbAoLh8u7dwyQ==
  dependencies:
    "@types/d3-array" "^3.0.3"
    "@types/d3-ease" "^3.0.0"
    "@types/d3-interpolate" "^3.0.1"
    "@types/d3-scale" "^4.0.2"
    "@types/d3-shape" "^3.1.0"
    "@types/d3-time" "^3.0.0"
    "@types/d3-timer" "^3.0.0"
    d3-array "^3.1.6"
    d3-ease "^3.0.1"
    d3-interpolate "^3.0.1"
    d3-scale "^4.0.2"
    d3-shape "^3.1.0"
    d3-time "^3.0.0"
    d3-timer "^3.0.1"

victory-voronoi-container@^36.6.8:
  version "36.6.8"
  resolved "https://registry.yarnpkg.com/victory-voronoi-container/-/victory-voronoi-container-36.6.8.tgz#77ca5bdcfdf585caa23850b061613a874942e39f"
  integrity sha512-x9/OOZdMm4dh38jNhSfBYT0nG6ribsINU0/WNzIn3QcDXFBInsJ7jRySxYmdmk45OdXfbDRwDMqVHk72sWQyUw==
  dependencies:
    delaunay-find "0.0.6"
    lodash "^4.17.19"
    prop-types "^15.8.1"
    react-fast-compare "^3.2.0"
    victory-core "^36.6.8"
    victory-tooltip "^36.6.8"

victory-voronoi@^36.6.8:
  version "36.6.8"
  resolved "https://registry.yarnpkg.com/victory-voronoi/-/victory-voronoi-36.6.8.tgz#ecce7c74ca98ca439372c804a14a9bd6cb84ca19"
  integrity sha512-cyYis7g9Q/yQWnorBQQT35bsOkcGfeNdjyXmyd0K1LmERQ3oCZ9+a+cwcolA46XaJu1meBge9WcKK2QpbAFRXQ==
  dependencies:
    d3-voronoi "^1.1.4"
    lodash "^4.17.19"
    prop-types "^15.8.1"
    victory-core "^36.6.8"

victory-zoom-container@^36.6.8:
  version "36.6.8"
  resolved "https://registry.yarnpkg.com/victory-zoom-container/-/victory-zoom-container-36.6.8.tgz#1a1232477dbbdc610156efbc9cf53c6cb54afa5a"
  integrity sha512-gxX5iJUaxrFFZ2IGS0sQnUI+3Mhj6bVLqtOlQd3Krld+9f/ieuUbxl+P+eIyhQU/VyHSlirIZeOGOXJeYcU9jQ==
  dependencies:
    lodash "^4.17.19"
    prop-types "^15.8.1"
    victory-core "^36.6.8"

victory@^36.6.8:
  version "36.6.8"
  resolved "https://registry.yarnpkg.com/victory/-/victory-36.6.8.tgz#c81f9907305e53f9383a1323d43223f68eeb0092"
  integrity sha512-/fr3jPq4RSIC2geT7opNIHKj4bEznig6b6Iq3W0xKStIW+bND8s6CvdfQm//+9HNnY9Q7ucY286G8QIdf0l4jg==
  dependencies:
    victory-area "^36.6.8"
    victory-axis "^36.6.8"
    victory-bar "^36.6.8"
    victory-box-plot "^36.6.8"
    victory-brush-container "^36.6.8"
    victory-brush-line "^36.6.8"
    victory-candlestick "^36.6.8"
    victory-canvas "^36.6.8"
    victory-chart "^36.6.8"
    victory-core "^36.6.8"
    victory-create-container "^36.6.8"
    victory-cursor-container "^36.6.8"
    victory-errorbar "^36.6.8"
    victory-group "^36.6.8"
    victory-histogram "^36.6.8"
    victory-legend "^36.6.8"
    victory-line "^36.6.8"
    victory-pie "^36.6.8"
    victory-polar-axis "^36.6.8"
    victory-scatter "^36.6.8"
    victory-selection-container "^36.6.8"
    victory-shared-events "^36.6.8"
    victory-stack "^36.6.8"
    victory-tooltip "^36.6.8"
    victory-voronoi "^36.6.8"
    victory-voronoi-container "^36.6.8"
    victory-zoom-container "^36.6.8"
